
Microsoft Visual Studio Solution File, Format Version 12.00
# Visual Studio 14
VisualStudioVersion = 14.0.23107.0
MinimumVisualStudioVersion = 10.0.40219.1
Project("{FAE04EC0-301F-11D3-BF4B-00C04F79EFBC}") = "myprofile", "myprofile\myprofile.csproj", "{3073FC71-7E95-4751-8F77-4B7A0070C38E}"
EndProject
Project("{FAE04EC0-301F-11D3-BF4B-00C04F79EFBC}") = "myprofile.Tests", "myprofile.Tests\myprofile.Tests.csproj", "{8FE9A283-3709-4DA1-9B18-FCA06C76D540}"
EndProject
Project("{2150E333-8FDC-42A3-9474-1A3956D46DE8}") = "PublishScripts", "PublishScripts", "{58D3EAF5-B182-4736-B2E2-E9DAA491931E}"
	ProjectSection(SolutionItems) = preProject
		PublishScripts\AzureVMPublishModule.psm1 = PublishScripts\AzureVMPublishModule.psm1
		PublishScripts\Publish-WebApplicationVM.ps1 = PublishScripts\Publish-WebApplicationVM.ps1
	EndProjectSection
EndProject
Project("{2150E333-8FDC-42A3-9474-1A3956D46DE8}") = "Configurations", "Configurations", "{5B4F8FB2-6D71-4C50-A4D0-E56947138E72}"
	ProjectSection(SolutionItems) = preProject
		PublishScripts\Configurations\myprofile-WAWS-dev.json = PublishScripts\Configurations\myprofile-WAWS-dev.json
	EndProjectSection
EndProject
Global
	GlobalSection(SolutionConfigurationPlatforms) = preSolution
		Debug|Any CPU = Debug|Any CPU
		Release|Any CPU = Release|Any CPU
	EndGlobalSection
	GlobalSection(ProjectConfigurationPlatforms) = postSolution
		{3073FC71-7E95-4751-8F77-4B7A0070C38E}.Debug|Any CPU.ActiveCfg = Debug|Any CPU
		{3073FC71-7E95-4751-8F77-4B7A0070C38E}.Debug|Any CPU.Build.0 = Debug|Any CPU
		{3073FC71-7E95-4751-8F77-4B7A0070C38E}.Release|Any CPU.ActiveCfg = Release|Any CPU
		{3073FC71-7E95-4751-8F77-4B7A0070C38E}.Release|Any CPU.Build.0 = Release|Any CPU
		{8FE9A283-3709-4DA1-9B18-FCA06C76D540}.Debug|Any CPU.ActiveCfg = Debug|Any CPU
		{8FE9A283-3709-4DA1-9B18-FCA06C76D540}.Debug|Any CPU.Build.0 = Debug|Any CPU
		{8FE9A283-3709-4DA1-9B18-FCA06C76D540}.Release|Any CPU.ActiveCfg = Release|Any CPU
		{8FE9A283-3709-4DA1-9B18-FCA06C76D540}.Release|Any CPU.Build.0 = Release|Any CPU
	EndGlobalSection
	GlobalSection(SolutionProperties) = preSolution
		HideSolutionNode = FALSE
	EndGlobalSection
	GlobalSection(NestedProjects) = preSolution
		{5B4F8FB2-6D71-4C50-A4D0-E56947138E72} = {58D3EAF5-B182-4736-B2E2-E9DAA491931E}
	EndGlobalSection
EndGlobal
